
Microsoft Visual Studio Solution File, Format Version 12.00
# Visual Studio Version 16
VisualStudioVersion = 16.0.29806.167
MinimumVisualStudioVersion = 10.0.40219.1
Project("{888888A0-9F3D-457C-B088-3A5042F75D52}") = "RegProject", "RegProject\RegProject.pyproj", "{238004C0-520A-47A0-975A-270FDC55924D}"
EndProject
Global
	GlobalSection(SolutionConfigurationPlatforms) = preSolution
		Debug|Any CPU = Debug|Any CPU
		Release|Any CPU = Release|Any CPU
	EndGlobalSection
	GlobalSection(ProjectConfigurationPlatforms) = postSolution
		{238004C0-520A-47A0-975A-270FDC55924D}.Debug|Any CPU.ActiveCfg = Debug|Any CPU
		{238004C0-520A-47A0-975A-270FDC55924D}.Debug|Any CPU.Build.0 = Debug|Any CPU
		{238004C0-520A-47A0-975A-270FDC55924D}.Release|Any CPU.ActiveCfg = Release|Any CPU
		{238004C0-520A-47A0-975A-270FDC55924D}.Release|Any CPU.Build.0 = Release|Any CPU
	EndGlobalSection
	GlobalSection(SolutionProperties) = preSolution
		HideSolutionNode = FALSE
	EndGlobalSection
	GlobalSection(ExtensibilityGlobals) = postSolution
		SolutionGuid = {88CE242A-0E93-497F-90E8-712203930B15}
	EndGlobalSection
EndGlobal
